
Microsoft Visual Studio Solution File, Format Version 12.00
# Visual Studio 14
VisualStudioVersion = 14.0.25420.1
MinimumVisualStudioVersion = 10.0.40219.1
Project("{2150E333-8FDC-42A3-9474-1A3956D46DE8}") = "src", "src", "{14E51A84-326F-4C97-ABEB-A35228D0373F}"
EndProject
Project("{2150E333-8FDC-42A3-9474-1A3956D46DE8}") = "Solution Items", "Solution Items", "{123D2CC7-3DCE-4B59-8C9C-4D1EF5E150F7}"
	ProjectSection(SolutionItems) = preProject
		global.json = global.json
	EndProjectSection
EndProject
Project("{8BB2217D-0F2D-49D1-97BC-3654ED321F3B}") = "ProMVC6", "src\ProMVC6\ProMVC6.xproj", "{834CAC4F-C049-4945-9D90-595FF9508544}"
EndProject
Global
	GlobalSection(SolutionConfigurationPlatforms) = preSolution
		Debug|Any CPU = Debug|Any CPU
		Release|Any CPU = Release|Any CPU
	EndGlobalSection
	GlobalSection(ProjectConfigurationPlatforms) = postSolution
		{834CAC4F-C049-4945-9D90-595FF9508544}.Debug|Any CPU.ActiveCfg = Debug|Any CPU
		{834CAC4F-C049-4945-9D90-595FF9508544}.Debug|Any CPU.Build.0 = Debug|Any CPU
		{834CAC4F-C049-4945-9D90-595FF9508544}.Release|Any CPU.ActiveCfg = Release|Any CPU
		{834CAC4F-C049-4945-9D90-595FF9508544}.Release|Any CPU.Build.0 = Release|Any CPU
	EndGlobalSection
	GlobalSection(SolutionProperties) = preSolution
		HideSolutionNode = FALSE
	EndGlobalSection
	GlobalSection(NestedProjects) = preSolution
		{834CAC4F-C049-4945-9D90-595FF9508544} = {14E51A84-326F-4C97-ABEB-A35228D0373F}
	EndGlobalSection
EndGlobal
